
Microsoft Visual Studio Solution File, Format Version 12.00
# Visual Studio Version 17
VisualStudioVersion = 17.4.33205.214
MinimumVisualStudioVersion = 10.0.40219.1
Project("{8BC9CEB8-8B4A-11D0-8D11-00A0C91BC942}") = "CMP303AssessmentServer", "CMP303AssessmentServer\CMP303AssessmentServer.vcxproj", "{D1018A33-834D-460B-ABEF-2136ABF44415}"
EndProject
Global
	GlobalSection(SolutionConfigurationPlatforms) = preSolution
		Debug|x64 = Debug|x64
		Debug|x86 = Debug|x86
		Release|x64 = Release|x64
		Release|x86 = Release|x86
	EndGlobalSection
	GlobalSection(ProjectConfigurationPlatforms) = postSolution
		{D1018A33-834D-460B-ABEF-2136ABF44415}.Debug|x64.ActiveCfg = Debug|x64
		{D1018A33-834D-460B-ABEF-2136ABF44415}.Debug|x64.Build.0 = Debug|x64
		{D1018A33-834D-460B-ABEF-2136ABF44415}.Debug|x86.ActiveCfg = Debug|Win32
		{D1018A33-834D-460B-ABEF-2136ABF44415}.Debug|x86.Build.0 = Debug|Win32
		{D1018A33-834D-460B-ABEF-2136ABF44415}.Release|x64.ActiveCfg = Release|x64
		{D1018A33-834D-460B-ABEF-2136ABF44415}.Release|x64.Build.0 = Release|x64
		{D1018A33-834D-460B-ABEF-2136ABF44415}.Release|x86.ActiveCfg = Release|Win32
		{D1018A33-834D-460B-ABEF-2136ABF44415}.Release|x86.Build.0 = Release|Win32
	EndGlobalSection
	GlobalSection(SolutionProperties) = preSolution
		HideSolutionNode = FALSE
	EndGlobalSection
	GlobalSection(ExtensibilityGlobals) = postSolution
		SolutionGuid = {50641E31-48A9-4106-B811-AB3923435FAA}
	EndGlobalSection
EndGlobal
